
Microsoft Visual Studio Solution File, Format Version 12.00
# Visual Studio Version 17
VisualStudioVersion = 17.13.35825.156
MinimumVisualStudioVersion = 10.0.40219.1
Project("{FAE04EC0-301F-11D3-BF4B-00C04F79EFBC}") = "HomeHunt", "HomeHunt\HomeHunt.csproj", "{A12C55A2-F6C7-4883-94D9-FAE22B6A2A6B}"
EndProject
Project("{FAE04EC0-301F-11D3-BF4B-00C04F79EFBC}") = "HomeHuntTests", "HomeHuntTests\HomeHuntTests.csproj", "{8CC1B6C3-3B3B-4041-946B-36B0D605AEA6}"
EndProject
Global
	GlobalSection(SolutionConfigurationPlatforms) = preSolution
		Debug|Any CPU = Debug|Any CPU
		Release|Any CPU = Release|Any CPU
	EndGlobalSection
	GlobalSection(ProjectConfigurationPlatforms) = postSolution
		{A12C55A2-F6C7-4883-94D9-FAE22B6A2A6B}.Debug|Any CPU.ActiveCfg = Debug|Any CPU
		{A12C55A2-F6C7-4883-94D9-FAE22B6A2A6B}.Debug|Any CPU.Build.0 = Debug|Any CPU
		{A12C55A2-F6C7-4883-94D9-FAE22B6A2A6B}.Release|Any CPU.ActiveCfg = Release|Any CPU
		{A12C55A2-F6C7-4883-94D9-FAE22B6A2A6B}.Release|Any CPU.Build.0 = Release|Any CPU
		{8CC1B6C3-3B3B-4041-946B-36B0D605AEA6}.Debug|Any CPU.ActiveCfg = Debug|Any CPU
		{8CC1B6C3-3B3B-4041-946B-36B0D605AEA6}.Debug|Any CPU.Build.0 = Debug|Any CPU
		{8CC1B6C3-3B3B-4041-946B-36B0D605AEA6}.Release|Any CPU.ActiveCfg = Release|Any CPU
		{8CC1B6C3-3B3B-4041-946B-36B0D605AEA6}.Release|Any CPU.Build.0 = Release|Any CPU
	EndGlobalSection
	GlobalSection(SolutionProperties) = preSolution
		HideSolutionNode = FALSE
	EndGlobalSection
	GlobalSection(ExtensibilityGlobals) = postSolution
		SolutionGuid = {742C5E53-7685-4B77-BAB3-7B03A21EEDE6}
	EndGlobalSection
EndGlobal
